
Microsoft Visual Studio Solution File, Format Version 12.00
# Visual Studio Version 17
VisualStudioVersion = 17.7.33906.173
MinimumVisualStudioVersion = 10.0.40219.1
Project("{9A19103F-16F7-4668-BE54-9A1E7A4F7556}") = "SignalR.SampleMVC", "SignalR.SampleMVC\SignalR.SampleMVC.csproj", "{391C5F92-B413-4F8C-B93F-9F093E6F54F9}"
EndProject
Project("{FAE04EC0-301F-11D3-BF4B-00C04F79EFBC}") = "SignalR.RealTimeVotingMVC", "SignalR.RealTimeVotingMVC\SignalR.RealTimeVotingMVC.csproj", "{24C75577-0A4F-4F6A-AAE7-0F844BD03CC0}"
EndProject
Project("{FAE04EC0-301F-11D3-BF4B-00C04F79EFBC}") = "SignalR.HogwartsHousesMVC", "SignalR.HogwartsHousesMVC\SignalR.HogwartsHousesMVC.csproj", "{262A9E09-6BDB-431C-BE63-C1F72682C5E3}"
EndProject
Global
	GlobalSection(SolutionConfigurationPlatforms) = preSolution
		Debug|Any CPU = Debug|Any CPU
		Release|Any CPU = Release|Any CPU
	EndGlobalSection
	GlobalSection(ProjectConfigurationPlatforms) = postSolution
		{391C5F92-B413-4F8C-B93F-9F093E6F54F9}.Debug|Any CPU.ActiveCfg = Debug|Any CPU
		{391C5F92-B413-4F8C-B93F-9F093E6F54F9}.Debug|Any CPU.Build.0 = Debug|Any CPU
		{391C5F92-B413-4F8C-B93F-9F093E6F54F9}.Release|Any CPU.ActiveCfg = Release|Any CPU
		{391C5F92-B413-4F8C-B93F-9F093E6F54F9}.Release|Any CPU.Build.0 = Release|Any CPU
		{24C75577-0A4F-4F6A-AAE7-0F844BD03CC0}.Debug|Any CPU.ActiveCfg = Debug|Any CPU
		{24C75577-0A4F-4F6A-AAE7-0F844BD03CC0}.Debug|Any CPU.Build.0 = Debug|Any CPU
		{24C75577-0A4F-4F6A-AAE7-0F844BD03CC0}.Release|Any CPU.ActiveCfg = Release|Any CPU
		{24C75577-0A4F-4F6A-AAE7-0F844BD03CC0}.Release|Any CPU.Build.0 = Release|Any CPU
		{262A9E09-6BDB-431C-BE63-C1F72682C5E3}.Debug|Any CPU.ActiveCfg = Debug|Any CPU
		{262A9E09-6BDB-431C-BE63-C1F72682C5E3}.Debug|Any CPU.Build.0 = Debug|Any CPU
		{262A9E09-6BDB-431C-BE63-C1F72682C5E3}.Release|Any CPU.ActiveCfg = Release|Any CPU
		{262A9E09-6BDB-431C-BE63-C1F72682C5E3}.Release|Any CPU.Build.0 = Release|Any CPU
	EndGlobalSection
	GlobalSection(SolutionProperties) = preSolution
		HideSolutionNode = FALSE
	EndGlobalSection
	GlobalSection(ExtensibilityGlobals) = postSolution
		SolutionGuid = {8F4D363A-37BE-4D4C-9C12-DF6B0422223A}
	EndGlobalSection
EndGlobal
